Microsoft Visual Studio Solution File, Format Version 11.00
# Visual Studio 2008

Project("{D8662164-53F4-902C-0098-A8A47EA4E93F}") = "GTH", "Assembly-CSharp-firstpass.csproj", "{2F4DF1B9-EC7E-1541-53B7-2D0319ABB2E6}"
EndProject
Project("{D8662164-53F4-902C-0098-A8A47EA4E93F}") = "GTH", "Assembly-CSharp.csproj", "{C96C358B-F520-2457-0CF9-E57D103149D9}"
EndProject
Project("{D8662164-53F4-902C-0098-A8A47EA4E93F}") = "GTH", "Assembly-CSharp-Editor.csproj", "{6BE3AC63-2955-E94D-E31D-0D63C7378448}"
EndProject
Project("{D8662164-53F4-902C-0098-A8A47EA4E93F}") = "GTH", "Assembly-UnityScript-firstpass.unityproj", "{3C472FCC-9350-ACF6-8741-605D6997A124}"
EndProject
Project("{D8662164-53F4-902C-0098-A8A47EA4E93F}") = "GTH", "Assembly-UnityScript.unityproj", "{8988FCE3-D1AD-4E9D-171B-19D76F5406FB}"
EndProject
Global
	GlobalSection(SolutionConfigurationPlatforms) = preSolution
		Debug|Any CPU = Debug|Any CPU
		Release|Any CPU = Release|Any CPU
	EndGlobalSection
	GlobalSection(ProjectConfigurationPlatforms) = postSolution
		{2F4DF1B9-EC7E-1541-53B7-2D0319ABB2E6}.Debug|Any CPU.ActiveCfg = Debug|Any CPU
		{2F4DF1B9-EC7E-1541-53B7-2D0319ABB2E6}.Debug|Any CPU.Build.0 = Debug|Any CPU
		{2F4DF1B9-EC7E-1541-53B7-2D0319ABB2E6}.Release|Any CPU.ActiveCfg = Release|Any CPU
		{2F4DF1B9-EC7E-1541-53B7-2D0319ABB2E6}.Release|Any CPU.Build.0 = Release|Any CPU
		{C96C358B-F520-2457-0CF9-E57D103149D9}.Debug|Any CPU.ActiveCfg = Debug|Any CPU
		{C96C358B-F520-2457-0CF9-E57D103149D9}.Debug|Any CPU.Build.0 = Debug|Any CPU
		{C96C358B-F520-2457-0CF9-E57D103149D9}.Release|Any CPU.ActiveCfg = Release|Any CPU
		{C96C358B-F520-2457-0CF9-E57D103149D9}.Release|Any CPU.Build.0 = Release|Any CPU
		{6BE3AC63-2955-E94D-E31D-0D63C7378448}.Debug|Any CPU.ActiveCfg = Debug|Any CPU
		{6BE3AC63-2955-E94D-E31D-0D63C7378448}.Debug|Any CPU.Build.0 = Debug|Any CPU
		{6BE3AC63-2955-E94D-E31D-0D63C7378448}.Release|Any CPU.ActiveCfg = Release|Any CPU
		{6BE3AC63-2955-E94D-E31D-0D63C7378448}.Release|Any CPU.Build.0 = Release|Any CPU
		{3C472FCC-9350-ACF6-8741-605D6997A124}.Debug|Any CPU.ActiveCfg = Debug|Any CPU
		{3C472FCC-9350-ACF6-8741-605D6997A124}.Debug|Any CPU.Build.0 = Debug|Any CPU
		{3C472FCC-9350-ACF6-8741-605D6997A124}.Release|Any CPU.ActiveCfg = Release|Any CPU
		{3C472FCC-9350-ACF6-8741-605D6997A124}.Release|Any CPU.Build.0 = Release|Any CPU
		{8988FCE3-D1AD-4E9D-171B-19D76F5406FB}.Debug|Any CPU.ActiveCfg = Debug|Any CPU
		{8988FCE3-D1AD-4E9D-171B-19D76F5406FB}.Debug|Any CPU.Build.0 = Debug|Any CPU
		{8988FCE3-D1AD-4E9D-171B-19D76F5406FB}.Release|Any CPU.ActiveCfg = Release|Any CPU
		{8988FCE3-D1AD-4E9D-171B-19D76F5406FB}.Release|Any CPU.Build.0 = Release|Any CPU
	EndGlobalSection
	GlobalSection(SolutionProperties) = preSolution
		HideSolutionNode = FALSE
	EndGlobalSection
																																																																																																																																																										GlobalSection(MonoDevelopProperties) = preSolution
=======
																																																																																																																																																			GlobalSection(MonoDevelopProperties) = preSolution
=======
<<<<<<< HEAD
																																																																																																																																				GlobalSection(MonoDevelopProperties) = preSolution
=======
<<<<<<< HEAD
																																																																																																																																														GlobalSection(MonoDevelopProperties) = preSolution
>>>>>>> a538d8cbfeef337e543340ac7c24803dd29a8f62
=======
<<<<<<< HEAD
																																																																																																																																																																			GlobalSection(MonoDevelopProperties) = preSolution
=======
<<<<<<< HEAD
																																																																																																																																															GlobalSection(MonoDevelopProperties) = preSolution
>>>>>>> 336afb83855d60f3ca040ac18a27e6f5deb60303
=======
<<<<<<< HEAD
																																																																																																																																							GlobalSection(MonoDevelopProperties) = preSolution
>>>>>>> 0ee19f684c47ce2f361259769b7272b710c1ca51
=======
<<<<<<< HEAD
																																																																																																																																													GlobalSection(MonoDevelopProperties) = preSolution
>>>>>>> a5f3b9ce5b5b7d87c82c79270fc5dfeafee7e0c9
=======
<<<<<<< HEAD
																																																																																																																																																							GlobalSection(MonoDevelopProperties) = preSolution
>>>>>>> a6df1bc2d059d10ef5f691c58f1788786be127b7
=======
<<<<<<< HEAD
																																																																																																																																												GlobalSection(MonoDevelopProperties) = preSolution
>>>>>>> 7159e9daa43100590a907b9808e7ea31c4c30ce5
=======
<<<<<<< HEAD
																																																																																																																																																			GlobalSection(MonoDevelopProperties) = preSolution
>>>>>>> e8e070a81615283c1f143b7d170c7903715c59d8
=======
<<<<<<< HEAD
																																																																																																																																	GlobalSection(MonoDevelopProperties) = preSolution
>>>>>>> 6b943fcf899ffd954b5c757f5592045b32b90e66
=======
<<<<<<< HEAD
																																																																																																																																										GlobalSection(MonoDevelopProperties) = preSolution
>>>>>>> bc2bf5858e025df64440b722483f21c77ddaca78
>>>>>>> 79dffbfdac07521459cc06a9443b0d5dd57759d3
=======
<<<<<<< HEAD
=======
<<<<<<< HEAD
																																																																																																																															GlobalSection(MonoDevelopProperties) = preSolution
>>>>>>> 2cf5f7af11f510de4dfdb015e0ce6afedc95d9c8
>>>>>>> 228efc6dafb080df1f91f2e450c40eb940455bca
=======
<<<<<<< HEAD
																																																																																																																																						GlobalSection(MonoDevelopProperties) = preSolution
>>>>>>> 8681734b956a5a0e3a125e32d8c6a32837e94451
=======
																																																																																																																														GlobalSection(MonoDevelopProperties) = preSolution
>>>>>>> 019cc338c99a353e24340027415b28b6cd154a11
=======
>>>>>>> 56179bc8e719da66e25bd651f85405aa0150162a
																																																																																																																																						GlobalSection(MonoDevelopProperties) = preSolution
=======
<<<<<<< HEAD
																																																																																																																														GlobalSection(MonoDevelopProperties) = preSolution
>>>>>>> 48777aa49c544b6fe75f745515ff169baaea31b4
=======
																																																																																																																													GlobalSection(MonoDevelopProperties) = preSolution
>>>>>>> 4a70a28c77478ad80811d33dce6e54d1c36596b7
>>>>>>> 34482c8945aaa0486d4fe9a7ab8271f760910f8a
=======
<<<<<<< HEAD
																																																																																																											GlobalSection(MonoDevelopProperties) = preSolution
>>>>>>> 5b20f17c16ffe6571b174155e1e73a6c0e042480
=======
<<<<<<< HEAD
																																																																																																																		GlobalSection(MonoDevelopProperties) = preSolution
>>>>>>> 1ac438b56db2ade02b22692fee38705ee72cc1cb
=======
<<<<<<< HEAD
																																																																																																							GlobalSection(MonoDevelopProperties) = preSolution
>>>>>>> 79572db3e8995329a745f4add50619ccb42e2c97
=======
<<<<<<< HEAD
																																																																																																																								GlobalSection(MonoDevelopProperties) = preSolution
=======
																																																																																																																	GlobalSection(MonoDevelopProperties) = preSolution
>>>>>>> 68e4cd86aa154d0a2b0af9427d8a0681ccd82f5d
=======
<<<<<<< HEAD
																																																																																																					GlobalSection(MonoDevelopProperties) = preSolution
>>>>>>> a91b48df89f44de3be68f05fe89ad0e650419e56
=======
<<<<<<< HEAD
																																																																																																																							GlobalSection(MonoDevelopProperties) = preSolution
>>>>>>> 43f9572129cc1d5a6337eee2d3e724dde59b6fef
=======
<<<<<<< HEAD
																																																																																																			GlobalSection(MonoDevelopProperties) = preSolution
>>>>>>> 5ed822022fec06654a2b171c19e79e9dbdbb0a23
=======
<<<<<<< HEAD
																																																																																																GlobalSection(MonoDevelopProperties) = preSolution
>>>>>>> 1d04171f801d015b2eb77d5d9855faad6b073ad1
=======
<<<<<<< HEAD
																																																																																																																GlobalSection(MonoDevelopProperties) = preSolution
>>>>>>> a0dff6e1d0bc86e569699dc695cb17ce60aba5a5
=======
<<<<<<< HEAD
																																																																																													GlobalSection(MonoDevelopProperties) = preSolution
>>>>>>> e3aef76152b8e4cfa5d3f70c490b77a25aecf59b
=======
																																																																																																GlobalSection(MonoDevelopProperties) = preSolution
>>>>>>> 3d94011a1bdfeb3283116b363de5030673580bb0
>>>>>>> 6ae305963c39008f15c2ecbfaf30657dd1621036
>>>>>>> 7f2338c16b1624a340aefa417245d2ebdd8f5ef5
=======
<<<<<<< HEAD
																																																																																										GlobalSection(MonoDevelopProperties) = preSolution
=======
																																																																																														GlobalSection(MonoDevelopProperties) = preSolution
>>>>>>> e56adc9d398755b4ce87e65f93af2bc35ef494f7
=======
<<<<<<< HEAD
																																																																													GlobalSection(MonoDevelopProperties) = preSolution
>>>>>>> f799d0681e6d3db84f4202e98d6be9eaade5814d
=======
<<<<<<< HEAD
																																																																																											GlobalSection(MonoDevelopProperties) = preSolution
=======
																																																																																													GlobalSection(MonoDevelopProperties) = preSolution
>>>>>>> da91965875e1d914e324fc6c8b113c740a7b4af4
=======
<<<<<<< HEAD
																																																																																	GlobalSection(MonoDevelopProperties) = preSolution
>>>>>>> 6ae02d3c6759889bfb9f3e1d0aa157e079e37b40
=======
<<<<<<< HEAD
																																																																																									GlobalSection(MonoDevelopProperties) = preSolution
>>>>>>> 3a36d5984fa5c5a4644816db266af716cbaa35f6
=======
<<<<<<< HEAD
																																																																															GlobalSection(MonoDevelopProperties) = preSolution
>>>>>>> 15c7b2d1417a88cfcf311ab47cf3a92ba1e3a86d
=======
<<<<<<< HEAD
																																																																																			GlobalSection(MonoDevelopProperties) = preSolution
>>>>>>> 54a099845a19ccd8c354d0cdb014096e576b0fed
=======
<<<<<<< HEAD
																																																																						GlobalSection(MonoDevelopProperties) = preSolution
>>>>>>> 0c6a707a85133e03242e99d695f3299a7b032130
=======
																																																																					GlobalSection(MonoDevelopProperties) = preSolution
>>>>>>> 7a6c9abfc2129ce35e329a8b31f1d26a3262ad29
>>>>>>> f25f28bbb159b06c9d74bf9b93190aa19671eac6
=======
<<<<<<< HEAD
																																																																													GlobalSection(MonoDevelopProperties) = preSolution
=======
																																																																										GlobalSection(MonoDevelopProperties) = preSolution
>>>>>>> d70bda0cd8f94d09a110005a346fe401c8f512a7
=======
<<<<<<< HEAD
																																																																			GlobalSection(MonoDevelopProperties) = preSolution
>>>>>>> f13d765087a80cd7d203c5522b2b6179b82a152c
=======
																																																																		GlobalSection(MonoDevelopProperties) = preSolution
>>>>>>> d3b9318f64b6c4d99a9b5b2d1007dbd3bdb4b728
>>>>>>> 313947d651c4810b4e4f1f6bb85c5c88fdc26dd4
>>>>>>> 274d2fd004262a3c9f0094bce8e7359257b456c2
=======
																																																GlobalSection(MonoDevelopProperties) = preSolution
=======
																																																		GlobalSection(MonoDevelopProperties) = preSolution
=======
<<<<<<< HEAD
																																																												GlobalSection(MonoDevelopProperties) = preSolution
>>>>>>> 4c6bd33ba5749fc7f282468ddd1f0f5fde5c7f70
=======
<<<<<<< HEAD
																																										GlobalSection(MonoDevelopProperties) = preSolution
>>>>>>> 917bfbd2f25e9ba15b8a355d3a7508411aff839a
=======
																																																								GlobalSection(MonoDevelopProperties) = preSolution
>>>>>>> ed2b88e750cb44229450a97e13cb3d3b495ae3d5
=======
<<<<<<< HEAD
																																							GlobalSection(MonoDevelopProperties) = preSolution
>>>>>>> 38a2c3180e0938ca6a7f13b646eba92f3ee0f74d
=======
<<<<<<< HEAD
													GlobalSection(MonoDevelopProperties) = preSolution
=======
																																				GlobalSection(MonoDevelopProperties) = preSolution
>>>>>>> 043bdac912cf20923b08de2dbe5ccdab1e29bc4c
>>>>>>> f23c269be0da3f7e5a6a869ce3a0162e0033e740
>>>>>>> 22faa79e75f0ad4ebce18d8468e4b7158313ddda
=======
=======
>>>>>>> fc89e3289b030d8da7febae5c079f22564591ad7
<<<<<<< HEAD
																																			GlobalSection(MonoDevelopProperties) = preSolution
=======
																											GlobalSection(MonoDevelopProperties) = preSolution
<<<<<<< HEAD
>>>>>>> fc89e3289b030d8da7febae5c079f22564591ad7
=======
>>>>>>> fc89e3289b030d8da7febae5c079f22564591ad7
=======
<<<<<<< HEAD
																								GlobalSection(MonoDevelopProperties) = preSolution
=======
																														GlobalSection(MonoDevelopProperties) = preSolution
>>>>>>> 47b44631d7e4872a5aa7a9a676a475c055e9936c
<<<<<<< HEAD
<<<<<<< HEAD
=======
>>>>>>> 7f206ac00661ed28e3d8f5ca1501d52287206c7a
>>>>>>> fc89e3289b030d8da7febae5c079f22564591ad7
=======
>>>>>>> 7f206ac00661ed28e3d8f5ca1501d52287206c7a
>>>>>>> fc89e3289b030d8da7febae5c079f22564591ad7
=======
																						GlobalSection(MonoDevelopProperties) = preSolution
>>>>>>> 1c81e33a899eb74631800ae0d7f9c7ebf9593b0e
>>>>>>> b7773e8521fbada97eacb6fc911ca108960cebf0
=======
<<<<<<< HEAD
																	GlobalSection(MonoDevelopProperties) = preSolution
=======
<<<<<<< HEAD
														GlobalSection(MonoDevelopProperties) = preSolution
>>>>>>> df0f8dde614c0a76fe0d88947ff48beacdbafabd
=======
<<<<<<< HEAD
															GlobalSection(MonoDevelopProperties) = preSolution
>>>>>>> 0dfe0b47593e56e256d8573143a0b3f4cbe1c188
=======
<<<<<<< HEAD
										GlobalSection(MonoDevelopProperties) = preSolution
>>>>>>> 06592938f72eb76ba9b8da89a1405ed87a60c7ad
=======
														GlobalSection(MonoDevelopProperties) = preSolution
>>>>>>> b9bc2b438f0b58ff0f4b6eae577207e7fd359ebf
>>>>>>> a03bf9546df8a40d6a87d7459a85c9f4cb742814
=======
					GlobalSection(MonoDevelopProperties) = preSolution
>>>>>>> 8c7b566a535aaf1c49b9fb98d66d773f4115090e
>>>>>>> d7c90423879089626afca16a6b634e1a8e0158dc
		StartupItem = Assembly-CSharp.csproj
		Policies = $0
		$0.TextStylePolicy = $1
		$1.inheritsSet = null
		$1.scope = text/x-csharp
		$0.CSharpFormattingPolicy = $2
		$2.inheritsSet = Mono
		$2.inheritsScope = text/x-csharp
		$2.scope = text/x-csharp
		$0.TextStylePolicy = $3
		$3.FileWidth = 120
		$3.TabWidth = 4
		$3.EolMarker = Unix
		$3.inheritsSet = Mono
		$3.inheritsScope = text/plain
		$3.scope = text/plain
	EndGlobalSection

EndGlobal
